
Microsoft Visual Studio Solution File, Format Version 12.00
# Visual Studio 2013
VisualStudioVersion = 12.0.31101.0
MinimumVisualStudioVersion = 10.0.40219.1
Project("{FAE04EC0-301F-11D3-BF4B-00C04F79EFBC}") = "sharpshapes", "sharpshapes\sharpshapes.csproj", "{D2627345-7324-4C36-A1FB-A8AC61715914}"
EndProject
Project("{FAE04EC0-301F-11D3-BF4B-00C04F79EFBC}") = "TestSharpShapes", "TestSharpShapes\TestSharpShapes.csproj", "{F2D03714-974E-4AAA-A43B-E8A8B5F951EE}"
EndProject
Global
	GlobalSection(SolutionConfigurationPlatforms) = preSolution
		Debug|Any CPU = Debug|Any CPU
		Release|Any CPU = Release|Any CPU
	EndGlobalSection
	GlobalSection(ProjectConfigurationPlatforms) = postSolution
		{D2627345-7324-4C36-A1FB-A8AC61715914}.Debug|Any CPU.ActiveCfg = Debug|Any CPU
		{D2627345-7324-4C36-A1FB-A8AC61715914}.Debug|Any CPU.Build.0 = Debug|Any CPU
		{D2627345-7324-4C36-A1FB-A8AC61715914}.Release|Any CPU.ActiveCfg = Release|Any CPU
		{D2627345-7324-4C36-A1FB-A8AC61715914}.Release|Any CPU.Build.0 = Release|Any CPU
		{F2D03714-974E-4AAA-A43B-E8A8B5F951EE}.Debug|Any CPU.ActiveCfg = Debug|Any CPU
		{F2D03714-974E-4AAA-A43B-E8A8B5F951EE}.Debug|Any CPU.Build.0 = Debug|Any CPU
		{F2D03714-974E-4AAA-A43B-E8A8B5F951EE}.Release|Any CPU.ActiveCfg = Release|Any CPU
		{F2D03714-974E-4AAA-A43B-E8A8B5F951EE}.Release|Any CPU.Build.0 = Release|Any CPU
	EndGlobalSection
	GlobalSection(SolutionProperties) = preSolution
		HideSolutionNode = FALSE
	EndGlobalSection
EndGlobal
